
Microsoft Visual Studio Solution File, Format Version 12.00
# Visual Studio 2012
# SharpDevelop 5.1
VisualStudioVersion = 12.0.20827.3
MinimumVisualStudioVersion = 10.0.40219.1
Project("{FAE04EC0-301F-11D3-BF4B-00C04F79EFBC}") = "votingLibrary", "votingLibrary\votingLibrary.csproj", "{77E532C1-B339-43FC-8899-FCD14DA9F6EA}"
EndProject
Global
	GlobalSection(SolutionConfigurationPlatforms) = preSolution
		Debug|Any CPU = Debug|Any CPU
		Release|Any CPU = Release|Any CPU
	EndGlobalSection
	GlobalSection(ProjectConfigurationPlatforms) = postSolution
		{77E532C1-B339-43FC-8899-FCD14DA9F6EA}.Debug|Any CPU.ActiveCfg = Debug|Any CPU
		{77E532C1-B339-43FC-8899-FCD14DA9F6EA}.Debug|Any CPU.Build.0 = Debug|Any CPU
		{77E532C1-B339-43FC-8899-FCD14DA9F6EA}.Release|Any CPU.ActiveCfg = Release|Any CPU
		{77E532C1-B339-43FC-8899-FCD14DA9F6EA}.Release|Any CPU.Build.0 = Release|Any CPU
	EndGlobalSection
EndGlobal
